
Microsoft Visual Studio Solution File, Format Version 12.00
# Visual Studio Version 16
VisualStudioVersion = 16.0.30804.86
MinimumVisualStudioVersion = 10.0.40219.1
Project("{9A19103F-16F7-4668-BE54-9A1E7A4F7556}") = "FoodBoxWebApi", "FoodBoxWebApi\FoodBoxWebApi.csproj", "{84BD9DB3-B7E5-44CE-8A1E-0B971719BE53}"
EndProject
Project("{2150E333-8FDC-42A3-9474-1A3956D46DE8}") = "DataBase", "DataBase", "{99D41C61-089C-4944-A79E-3D77A7E6F9E0}"
	ProjectSection(SolutionItems) = preProject
		SQLQuery Created Tables.sql = SQLQuery Created Tables.sql
	EndProjectSection
EndProject
Project("{2150E333-8FDC-42A3-9474-1A3956D46DE8}") = "Client-side", "Client-side", "{7E0C7411-4D95-4F96-B6CF-E34B53DE09C4}"
EndProject
Project("{2150E333-8FDC-42A3-9474-1A3956D46DE8}") = "Server-side", "Server-side", "{78AA7A59-042C-43D1-8A07-F0CCEA829C24}"
EndProject
Global
	GlobalSection(SolutionConfigurationPlatforms) = preSolution
		Debug|Any CPU = Debug|Any CPU
		Release|Any CPU = Release|Any CPU
	EndGlobalSection
	GlobalSection(ProjectConfigurationPlatforms) = postSolution
		{84BD9DB3-B7E5-44CE-8A1E-0B971719BE53}.Debug|Any CPU.ActiveCfg = Debug|Any CPU
		{84BD9DB3-B7E5-44CE-8A1E-0B971719BE53}.Debug|Any CPU.Build.0 = Debug|Any CPU
		{84BD9DB3-B7E5-44CE-8A1E-0B971719BE53}.Release|Any CPU.ActiveCfg = Release|Any CPU
		{84BD9DB3-B7E5-44CE-8A1E-0B971719BE53}.Release|Any CPU.Build.0 = Release|Any CPU
	EndGlobalSection
	GlobalSection(SolutionProperties) = preSolution
		HideSolutionNode = FALSE
	EndGlobalSection
	GlobalSection(NestedProjects) = preSolution
		{84BD9DB3-B7E5-44CE-8A1E-0B971719BE53} = {78AA7A59-042C-43D1-8A07-F0CCEA829C24}
	EndGlobalSection
	GlobalSection(ExtensibilityGlobals) = postSolution
		SolutionGuid = {868AF221-AC1B-4ABD-9CBC-E53C489D8D91}
	EndGlobalSection
EndGlobal
